
Microsoft Visual Studio Solution File, Format Version 12.00
# Visual Studio Version 17
VisualStudioVersion = 17.7.34018.315
MinimumVisualStudioVersion = 10.0.40219.1
Project("{FAE04EC0-301F-11D3-BF4B-00C04F79EFBC}") = "NETTest", "NETTest\NETTest.csproj", "{6A7CE0E0-FF7C-4714-BD42-865554727B84}"
EndProject
Global
	GlobalSection(SolutionConfigurationPlatforms) = preSolution
		Debug|Any CPU = Debug|Any CPU
		Debug|x64 = Debug|x64
		Release|Any CPU = Release|Any CPU
		Release|x64 = Release|x64
	EndGlobalSection
	GlobalSection(ProjectConfigurationPlatforms) = postSolution
		{6A7CE0E0-FF7C-4714-BD42-865554727B84}.Debug|Any CPU.ActiveCfg = Debug|Any CPU
		{6A7CE0E0-FF7C-4714-BD42-865554727B84}.Debug|Any CPU.Build.0 = Debug|Any CPU
		{6A7CE0E0-FF7C-4714-BD42-865554727B84}.Debug|x64.ActiveCfg = Debug|x64
		{6A7CE0E0-FF7C-4714-BD42-865554727B84}.Debug|x64.Build.0 = Debug|x64
		{6A7CE0E0-FF7C-4714-BD42-865554727B84}.Release|Any CPU.ActiveCfg = Release|Any CPU
		{6A7CE0E0-FF7C-4714-BD42-865554727B84}.Release|Any CPU.Build.0 = Release|Any CPU
		{6A7CE0E0-FF7C-4714-BD42-865554727B84}.Release|x64.ActiveCfg = Release|x64
		{6A7CE0E0-FF7C-4714-BD42-865554727B84}.Release|x64.Build.0 = Release|x64
	EndGlobalSection
	GlobalSection(SolutionProperties) = preSolution
		HideSolutionNode = FALSE
	EndGlobalSection
	GlobalSection(ExtensibilityGlobals) = postSolution
		SolutionGuid = {344A9AAB-F68F-4F5E-8FD2-20704AAEC9AF}
	EndGlobalSection
EndGlobal
